
Microsoft Visual Studio Solution File, Format Version 12.00
# Visual Studio 15
VisualStudioVersion = 15.0.27703.2042
MinimumVisualStudioVersion = 10.0.40219.1
Project("{FAE04EC0-301F-11D3-BF4B-00C04F79EFBC}") = "NetCoreConsoleDemo", "NetCoreConsoleDemo\NetCoreConsoleDemo.csproj", "{4AAA2684-A223-4592-9E6E-52BC0CDCE64F}"
EndProject
Project("{FAE04EC0-301F-11D3-BF4B-00C04F79EFBC}") = "NetCoreConsoleDemo.Test", "NetCoreConsoleDemo.Test\NetCoreConsoleDemo.Test.csproj", "{EE77ACB7-2C0A-40D7-AF22-B4EFFD2CF402}"
EndProject
Global
	GlobalSection(SolutionConfigurationPlatforms) = preSolution
		Debug|Any CPU = Debug|Any CPU
		Release|Any CPU = Release|Any CPU
	EndGlobalSection
	GlobalSection(ProjectConfigurationPlatforms) = postSolution
		{4AAA2684-A223-4592-9E6E-52BC0CDCE64F}.Debug|Any CPU.ActiveCfg = Debug|Any CPU
		{4AAA2684-A223-4592-9E6E-52BC0CDCE64F}.Debug|Any CPU.Build.0 = Debug|Any CPU
		{4AAA2684-A223-4592-9E6E-52BC0CDCE64F}.Release|Any CPU.ActiveCfg = Release|Any CPU
		{4AAA2684-A223-4592-9E6E-52BC0CDCE64F}.Release|Any CPU.Build.0 = Release|Any CPU
		{EE77ACB7-2C0A-40D7-AF22-B4EFFD2CF402}.Debug|Any CPU.ActiveCfg = Debug|Any CPU
		{EE77ACB7-2C0A-40D7-AF22-B4EFFD2CF402}.Debug|Any CPU.Build.0 = Debug|Any CPU
		{EE77ACB7-2C0A-40D7-AF22-B4EFFD2CF402}.Release|Any CPU.ActiveCfg = Release|Any CPU
		{EE77ACB7-2C0A-40D7-AF22-B4EFFD2CF402}.Release|Any CPU.Build.0 = Release|Any CPU
	EndGlobalSection
	GlobalSection(SolutionProperties) = preSolution
		HideSolutionNode = FALSE
	EndGlobalSection
	GlobalSection(ExtensibilityGlobals) = postSolution
		SolutionGuid = {9204F5AD-6E91-46CE-B20A-A4E39720C17A}
	EndGlobalSection
EndGlobal
